{
  "name": "geticons",
  "version": "1.0.0",
  "lockfileVersion": 1,
  "requires": true,
  "dependencies": {
    "fuse.js": {
      "version": "6.4.1",
      "resolved": "https://registry.npmjs.org/fuse.js/-/fuse.js-6.4.1.tgz",
      "integrity": "sha512-+hAS7KYgLXontDh/vqffs7wIBw0ceb9Sx8ywZQhOsiQGcSO5zInGhttWOUYQYlvV/yYMJOacQ129Xs3mP3+oZQ=="
    }
  }
}
